// !$*UTF8*$!
{
	archiveVersion = 1;
	classes = {
	};
	objectVersion = 50;
	objects = {

/* Begin PBXBuildFile section */
		2C50CA262200A9E2003EE045 /* AppDelegate.m in Sources */ = {isa = PBXBuildFile; fileRef = 2C50CA252200A9E2003EE045 /* AppDelegate.m */; };
		2C50CA292200A9E2003EE045 /* ViewController.m in Sources */ = {isa = PBXBuildFile; fileRef = 2C50CA282200A9E2003EE045 /* ViewController.m */; };
		2C50CA2C2200A9E2003EE045 /* Main.storyboard in Resources */ = {isa = PBXBuildFile; fileRef = 2C50CA2A2200A9E2003EE045 /* Main.storyboard */; };
		2C50CA2E2200A9E3003EE045 /* Assets.xcassets in Resources */ = {isa = PBXBuildFile; fileRef = 2C50CA2D2200A9E3003EE045 /* Assets.xcassets */; };
		2C50CA312200A9E3003EE045 /* LaunchScreen.storyboard in Resources */ = {isa = PBXBuildFile; fileRef = 2C50CA2F2200A9E3003EE045 /* LaunchScreen.storyboard */; };
		2C50CA342200A9E3003EE045 /* main.m in Sources */ = {isa = PBXBuildFile; fileRef = 2C50CA332200A9E3003EE045 /* main.m */; };
/* End PBXBuildFile section */

/* Begin PBXFileReference section */
		2C50CA212200A9E2003EE045 /* 30UITableViewStudentsHW.app */ = {isa = PBXFileReference; explicitFileType = wrapper.application; includeInIndex = 0; path = 30UITableViewStudentsHW.app; sourceTree = BUILT_PRODUCTS_DIR; };
		2C50CA242200A9E2003EE045 /* AppDelegate.h */ = {isa = PBXFileReference; lastKnownFileType = sourcecode.c.h; path = AppDelegate.h; sourceTree = "<group>"; };
		2C50CA252200A9E2003EE045 /* AppDelegate.m */ = {isa = PBXFileReference; lastKnownFileType = sourcecode.c.objc; path = AppDelegate.m; sourceTree = "<group>"; };
		2C50CA272200A9E2003EE045 /* ViewController.h */ = {isa = PBXFileReference; lastKnownFileType = sourcecode.c.h; path = ViewController.h; sourceTree = "<group>"; };
		2C50CA282200A9E2003EE045 /* ViewController.m */ = {isa = PBXFileReference; lastKnownFileType = sourcecode.c.objc; path = ViewController.m; sourceTree = "<group>"; };
		2C50CA2B2200A9E2003EE045 /* Base */ = {isa = PBXFileReference; lastKnownFileType = file.storyboard; name = Base; path = Base.lproj/Main.storyboard; sourceTree = "<group>"; };
		2C50CA2D2200A9E3003EE045 /* Assets.xcassets */ = {isa = PBXFileReference; lastKnownFileType = folder.assetcatalog; path = Assets.xcassets; sourceTree = "<group>"; };
		2C50CA302200A9E3003EE045 /* Base */ = {isa = PBXFileReference; lastKnownFileType = file.storyboard; name = Base; path = Base.lproj/LaunchScreen.storyboard; sourceTree = "<group>"; };
		2C50CA322200A9E3003EE045 /* Info.plist */ = {isa = PBXFileReference; lastKnownFileType = text.plist.xml; path = Info.plist; sourceTree = "<group>"; };
		2C50CA332200A9E3003EE045 /* main.m */ = {isa = PBXFileReference; lastKnownFileType = sourcecode.c.objc; path = main.m; sourceTree = "<group>"; };
/* End PBXFileReference section */

/* Begin PBXFrameworksBuildPhase section */
		2C50CA1E2200A9E2003EE045 /* Frameworks */ = {
			isa = PBXFrameworksBuildPhase;
			buildActionMask = 2147483647;
			files = (
			);
			runOnlyForDeploymentPostprocessing = 0;
		};
/* End PBXFrameworksBuildPhase section */

/* Begin PBXGroup section */
		2C50CA182200A9E2003EE045 = {
			isa = PBXGroup;
			children = (
				2C50CA232200A9E2003EE045 /* 30UITableViewStudentsHW */,
				2C50CA222200A9E2003EE045 /* Products */,
			);
			sourceTree = "<group>";
		};
		2C50CA222200A9E2003EE045 /* Products */ = {
			isa = PBXGroup;
			children = (
				2C50CA212200A9E2003EE045 /* 30UITableViewStudentsHW.app */,
			);
			name = Products;
			sourceTree = "<group>";
		};
		2C50CA232200A9E2003EE045 /* 30UITableViewStudentsHW */ = {
			isa = PBXGroup;
			children = (
				2C50CA242200A9E2003EE045 /* AppDelegate.h */,
				2C50CA252200A9E2003EE045 /* AppDelegate.m */,
				2C50CA272200A9E2003EE045 /* ViewController.h */,
				2C50CA282200A9E2003EE045 /* ViewController.m */,
				2C50CA2A2200A9E2003EE045 /* Main.storyboard */,
				2C50CA2D2200A9E3003EE045 /* Assets.xcassets */,
				2C50CA2F2200A9E3003EE045 /* LaunchScreen.storyboard */,
				2C50CA322200A9E3003EE045 /* Info.plist */,
				2C50CA332200A9E3003EE045 /* main.m */,
			);
			path = 30UITableViewStudentsHW;
			sourceTree = "<group>";
		};
/* End PBXGroup section */

/* Begin PBXNativeTarget section */
		2C50CA202200A9E2003EE045 /* 30UITableViewStudentsHW */ = {
			isa = PBXNativeTarget;
			buildConfigurationList = 2C50CA372200A9E3003EE045 /* Build configuration list for PBXNativeTarget "30UITableViewStudentsHW" */;
			buildPhases = (
				2C50CA1D2200A9E2003EE045 /* Sources */,
				2C50CA1E2200A9E2003EE045 /* Frameworks */,
				2C50CA1F2200A9E2003EE045 /* Resources */,
			);
			buildRules = (
			);
			dependencies = (
			);
			name = 30UITableViewStudentsHW;
			productName = 30UITableViewStudentsHW;
			productReference = 2C50CA212200A9E2003EE045 /* 30UITableViewStudentsHW.app */;
			productType = "com.apple.product-type.application";
		};
/* End PBXNativeTarget section */

/* Begin PBXProject section */
		2C50CA192200A9E2003EE045 /* Project object */ = {
			isa = PBXProject;
			attributes = {
				LastUpgradeCheck = 1010;
				ORGANIZATIONNAME = "Eduard Galchenko";
				TargetAttributes = {
					2C50CA202200A9E2003EE045 = {
						CreatedOnToolsVersion = 10.1;
					};
				};
			};
			buildConfigurationList = 2C50CA1C2200A9E2003EE045 /* Build configuration list for PBXProject "30UITableViewStudentsHW" */;
			compatibilityVersion = "Xcode 9.3";
			developmentRegion = en;
			hasScannedForEncodings = 0;
			knownRegions = (
				en,
				Base,
			);
			mainGroup = 2C50CA182200A9E2003EE045;
			productRefGroup = 2C50CA222200A9E2003EE045 /* Products */;
			projectDirPath = "";
			projectRoot = "";
			targets = (
				2C50CA202200A9E2003EE045 /* 30UITableViewStudentsHW */,
			);
		};
/* End PBXProject section */

/* Begin PBXResourcesBuildPhase section */
		2C50CA1F2200A9E2003EE045 /* Resources */ = {
			isa = PBXResourcesBuildPhase;
			buildActionMask = 2147483647;
			files = (
				2C50CA312200A9E3003EE045 /* LaunchScreen.storyboard in Resources */,
				2C50CA2E2200A9E3003EE045 /* Assets.xcassets in Resources */,
				2C50CA2C2200A9E2003EE045 /* Main.storyboard in Resources */,
			);
			runOnlyForDeploymentPostprocessing = 0;
		};
/* End PBXResourcesBuildPhase section */

/* Begin PBXSourcesBuildPhase section */
		2C50CA1D2200A9E2003EE045 /* Sources */ = {
			isa = PBXSourcesBuildPhase;
			buildActionMask = 2147483647;
			files = (
				2C50CA292200A9E2003EE045 /* ViewController.m in Sources */,
				2C50CA342200A9E3003EE045 /* main.m in Sources */,
				2C50CA262200A9E2003EE045 /* AppDelegate.m in Sources */,
			);
			runOnlyForDeploymentPostprocessing = 0;
		};
/* End PBXSourcesBuildPhase section */

/* Begin PBXVariantGroup section */
		2C50CA2A2200A9E2003EE045 /* Main.storyboard */ = {
			isa = PBXVariantGroup;
			children = (
				2C50CA2B2200A9E2003EE045 /* Base */,
			);
			name = Main.storyboard;
			sourceTree = "<group>";
		};
		2C50CA2F2200A9E3003EE045 /* LaunchScreen.storyboard */ = {
			isa = PBXVariantGroup;
			children = (
				2C50CA302200A9E3003EE045 /* Base */,
			);
			name = LaunchScreen.storyboard;
			sourceTree = "<group>";
		};
/* End PBXVariantGroup section */

/* Begin XCBuildConfiguration section */
		2C50CA352200A9E3003EE045 /* Debug */ = {
			isa = XCBuildConfiguration;
			buildSettings = {
				ALWAYS_SEARCH_USER_PATHS = NO;
				CLANG_ANALYZER_NONNULL = YES;
				CLANG_ANALYZER_NUMBER_OBJECT_CONVERSION = YES_AGGRESSIVE;
				CLANG_CXX_LANGUAGE_STANDARD = "gnu++14";
				CLANG_CXX_LIBRARY = "libc++";
				CLANG_ENABLE_MODULES = YES;
				CLANG_ENABLE_OBJC_ARC = YES;
				CLANG_ENABLE_OBJC_WEAK = YES;
				CLANG_WARN_BLOCK_CAPTURE_AUTORELEASING = YES;
				CLANG_WARN_BOOL_CONVERSION = YES;
				CLANG_WARN_COMMA = YES;
				CLANG_WARN_CONSTANT_CONVERSION = YES;
				CLANG_WARN_DEPRECATED_OBJC_IMPLEMENTATIONS = YES;
				CLANG_WARN_DIRECT_OBJC_ISA_USAGE = YES_ERROR;
				CLANG_WARN_DOCUMENTATION_COMMENTS = YES;
				CLANG_WARN_EMPTY_BODY = YES;
				CLANG_WARN_ENUM_CONVERSION = YES;
				CLANG_WARN_INFINITE_RECURSION = YES;
				CLANG_WARN_INT_CONVERSION = YES;
				CLANG_WARN_NON_LITERAL_NULL_CONVERSION = YES;
				CLANG_WARN_OBJC_IMPLICIT_RETAIN_SELF = YES;
				CLANG_WARN_OBJC_LITERAL_CONVERSION = YES;
				CLANG_WARN_OBJC_ROOT_CLASS = YES_ERROR;
				CLANG_WARN_RANGE_LOOP_ANALYSIS = YES;
				CLANG_WARN_STRICT_PROTOTYPES = YES;
				CLANG_WARN_SUSPICIOUS_MOVE = YES;
				CLANG_WARN_UNGUARDED_AVAILABILITY = YES_AGGRESSIVE;
				CLANG_WARN_UNREACHABLE_CODE = YES;
				CLANG_WARN__DUPLICATE_METHOD_MATCH = YES;
				CODE_SIGN_IDENTITY = "iPhone Developer";
				COPY_PHASE_STRIP = NO;
				DEBUG_INFORMATION_FORMAT = dwarf;
				ENABLE_STRICT_OBJC_MSGSEND = YES;
				ENABLE_TESTABILITY = YES;
				GCC_C_LANGUAGE_STANDARD = gnu11;
				GCC_DYNAMIC_NO_PIC = NO;
				GCC_NO_COMMON_BLOCKS = YES;
				GCC_OPTIMIZATION_LEVEL = 0;
				GCC_PREPROCESSOR_DEFINITIONS = (
					"DEBUG=1",
					"$(inherited)",
				);
				GCC_WARN_64_TO_32_BIT_CONVERSION = YES;
				GCC_WARN_ABOUT_RETURN_TYPE = YES_ERROR;
				GCC_WARN_UNDECLARED_SELECTOR = YES;
				GCC_WARN_UNINITIALIZED_AUTOS = YES_AGGRESSIVE;
				GCC_WARN_UNUSED_FUNCTION = YES;
				GCC_WARN_UNUSED_VARIABLE = YES;
				IPHONEOS_DEPLOYMENT_TARGET = 12.1;
				MTL_ENABLE_DEBUG_INFO = INCLUDE_SOURCE;
				MTL_FAST_MATH = YES;
				ONLY_ACTIVE_ARCH = YES;
				SDKROOT = iphoneos;
			};
			name = Debug;
		};
		2C50CA362200A9E3003EE045 /* Release */ = {
			isa = XCBuildConfiguration;
			buildSettings = {
				ALWAYS_SEARCH_USER_PATHS = NO;
				CLANG_ANALYZER_NONNULL = YES;
				CLANG_ANALYZER_NUMBER_OBJECT_CONVERSION = YES_AGGRESSIVE;
				CLANG_CXX_LANGUAGE_STANDARD = "gnu++14";
				CLANG_CXX_LIBRARY = "libc++";
				CLANG_ENABLE_MODULES = YES;
				CLANG_ENABLE_OBJC_ARC = YES;
				CLANG_ENABLE_OBJC_WEAK = YES;
				CLANG_WARN_BLOCK_CAPTURE_AUTORELEASING = YES;
				CLANG_WARN_BOOL_CONVERSION = YES;
				CLANG_WARN_COMMA = YES;
				CLANG_WARN_CONSTANT_CONVERSION = YES;
				CLANG_WARN_DEPRECATED_OBJC_IMPLEMENTATIONS = YES;
				CLANG_WARN_DIRECT_OBJC_ISA_USAGE = YES_ERROR;
				CLANG_WARN_DOCUMENTATION_COMMENTS = YES;
				CLANG_WARN_EMPTY_BODY = YES;
				CLANG_WARN_ENUM_CONVERSION = YES;
				CLANG_WARN_INFINITE_RECURSION = YES;
				CLANG_WARN_INT_CONVERSION = YES;
				CLANG_WARN_NON_LITERAL_NULL_CONVERSION = YES;
				CLANG_WARN_OBJC_IMPLICIT_RETAIN_SELF = YES;
				CLANG_WARN_OBJC_LITERAL_CONVERSION = YES;
				CLANG_WARN_OBJC_ROOT_CLASS = YES_ERROR;
				CLANG_WARN_RANGE_LOOP_ANALYSIS = YES;
				CLANG_WARN_STRICT_PROTOTYPES = YES;
				CLANG_WARN_SUSPICIOUS_MOVE = YES;
				CLANG_WARN_UNGUARDED_AVAILABILITY = YES_AGGRESSIVE;
				CLANG_WARN_UNREACHABLE_CODE = YES;
				CLANG_WARN__DUPLICATE_METHOD_MATCH = YES;
				CODE_SIGN_IDENTITY = "iPhone Developer";
				COPY_PHASE_STRIP = NO;
				DEBUG_INFORMATION_FORMAT = "dwarf-with-dsym";
				ENABLE_NS_ASSERTIONS = NO;
				ENABLE_STRICT_OBJC_MSGSEND = YES;
				GCC_C_LANGUAGE_STANDARD = gnu11;
				GCC_NO_COMMON_BLOCKS = YES;
				GCC_WARN_64_TO_32_BIT_CONVERSION = YES;
				GCC_WARN_ABOUT_RETURN_TYPE = YES_ERROR;
				GCC_WARN_UNDECLARED_SELECTOR = YES;
				GCC_WARN_UNINITIALIZED_AUTOS = YES_AGGRESSIVE;
				GCC_WARN_UNUSED_FUNCTION = YES;
				GCC_WARN_UNUSED_VARIABLE = YES;
				IPHONEOS_DEPLOYMENT_TARGET = 12.1;
				MTL_ENABLE_DEBUG_INFO = NO;
				MTL_FAST_MATH = YES;
				SDKROOT = iphoneos;
				VALIDATE_PRODUCT = YES;
			};
			name = Release;
		};
		2C50CA382200A9E3003EE045 /* Debug */ = {
			isa = XCBuildConfiguration;
			buildSettings = {
				ASSETCATALOG_COMPILER_APPICON_NAME = AppIcon;
				CODE_SIGN_STYLE = Automatic;
				DEVELOPMENT_TEAM = Z8345E68DL;
				INFOPLIST_FILE = 30UITableViewStudentsHW/Info.plist;
				LD_RUNPATH_SEARCH_PATHS = (
					"$(inherited)",
					"@executable_path/Frameworks",
				);
				PRODUCT_BUNDLE_IDENTIFIER = "EGB.-0UITableViewStudentsHW";
				PRODUCT_NAME = "$(TARGET_NAME)";
				TARGETED_DEVICE_FAMILY = "1,2";
			};
			name = Debug;
		};
		2C50CA392200A9E3003EE045 /* Release */ = {
			isa = XCBuildConfiguration;
			buildSettings = {
				ASSETCATALOG_COMPILER_APPICON_NAME = AppIcon;
				CODE_SIGN_STYLE = Automatic;
				DEVELOPMENT_TEAM = Z8345E68DL;
				INFOPLIST_FILE = 30UITableViewStudentsHW/Info.plist;
				LD_RUNPATH_SEARCH_PATHS = (
					"$(inherited)",
					"@executable_path/Frameworks",
				);
				PRODUCT_BUNDLE_IDENTIFIER = "EGB.-0UITableViewStudentsHW";
				PRODUCT_NAME = "$(TARGET_NAME)";
				TARGETED_DEVICE_FAMILY = "1,2";
			};
			name = Release;
		};
/* End XCBuildConfiguration section */

/* Begin XCConfigurationList section */
		2C50CA1C2200A9E2003EE045 /* Build configuration list for PBXProject "30UITableViewStudentsHW" */ = {
			isa = XCConfigurationList;
			buildConfigurations = (
				2C50CA352200A9E3003EE045 /* Debug */,
				2C50CA362200A9E3003EE045 /* Release */,
			);
			defaultConfigurationIsVisible = 0;
			defaultConfigurationName = Release;
		};
		2C50CA372200A9E3003EE045 /* Build configuration list for PBXNativeTarget "30UITableViewStudentsHW" */ = {
			isa = XCConfigurationList;
			buildConfigurations = (
				2C50CA382200A9E3003EE045 /* Debug */,
				2C50CA392200A9E3003EE045 /* Release */,
			);
			defaultConfigurationIsVisible = 0;
			defaultConfigurationName = Release;
		};
/* End XCConfigurationList section */
	};
	rootObject = 2C50CA192200A9E2003EE045 /* Project object */;
}
